
Microsoft Visual Studio Solution File, Format Version 12.00
# Visual Studio Version 17
VisualStudioVersion = 17.0.31808.319
MinimumVisualStudioVersion = 10.0.40219.1
Project("{9A19103F-16F7-4668-BE54-9A1E7A4F7556}") = "8 payroll", "8 payroll\8 payroll.csproj", "{2AE7C175-D5C9-4DDB-A545-1A44B243C621}"
EndProject
Project("{9A19103F-16F7-4668-BE54-9A1E7A4F7556}") = "1 Good morning", "1 good morning\1 Good morning.csproj", "{FF8E84A1-34D1-41F9-A53D-48F7DB207300}"
EndProject
Project("{9A19103F-16F7-4668-BE54-9A1E7A4F7556}") = "2 Your Name", "2 Your name\2 Your Name.csproj", "{7C3EFBDC-23F6-4617-B4D3-0DAF5EF45423}"
EndProject
Project("{9A19103F-16F7-4668-BE54-9A1E7A4F7556}") = "4 BirthDate", "4 BirthDate\4 BirthDate.csproj", "{D2A68EF2-3145-4ABC-8DC3-71F3C32CE6D4}"
EndProject
Project("{9A19103F-16F7-4668-BE54-9A1E7A4F7556}") = "5 Miles calculator", "5 Miles calculator\5 Miles calculator.csproj", "{3FD1FB61-5800-4B83-9276-714B6842C727}"
EndProject
Project("{9A19103F-16F7-4668-BE54-9A1E7A4F7556}") = "6 Discount calculator", "6 discount calc\6 Discount calculator.csproj", "{3C84E622-D5EF-45AC-907D-F72B0958EE37}"
EndProject
Project("{9A19103F-16F7-4668-BE54-9A1E7A4F7556}") = "7 Average score", "7 Test score average\7 Average score.csproj", "{D7555B26-5BE3-4033-8D1B-1F1A6815EC75}"
EndProject
Project("{9A19103F-16F7-4668-BE54-9A1E7A4F7556}") = "10 Time zone", "10 Time zone\10 Time zone.csproj", "{E7475047-9F17-45E0-BA30-255A28D7461D}"
EndProject
Project("{9A19103F-16F7-4668-BE54-9A1E7A4F7556}") = "11 Numeral Converter", "11 Numeral Converter\11 Numeral Converter.csproj", "{D83B99C8-6F5B-4300-99D0-233880700685}"
EndProject
Project("{9A19103F-16F7-4668-BE54-9A1E7A4F7556}") = "12 Mass calculation", "12 Mass calculation\12 Mass calculation.csproj", "{E86E001A-EF9A-4634-8ACE-719DD0DDC870}"
EndProject
Project("{9A19103F-16F7-4668-BE54-9A1E7A4F7556}") = "13 Change form colors", "13 Change form colors\13 Change form colors.csproj", "{87DD48E3-EE12-4CFD-B4C4-C4E98FC59879}"
EndProject
Project("{FAE04EC0-301F-11D3-BF4B-00C04F79EFBC}") = "14 Distance Converter", "14 Distance Converter\14 Distance Converter.csproj", "{4F96123C-BA41-445D-857F-11F3516A2A5E}"
EndProject
Project("{54435603-DBB4-11D2-8724-00A0C9A8B90C}") = "14 Setup Distance Converter", "Setup\Setup.vdproj", "{67B11AEB-19AB-4FED-A738-953BC03BD160}"
EndProject
Project("{FAE04EC0-301F-11D3-BF4B-00C04F79EFBC}") = "15 Advantage Book Club", "Advantage Book Club\15 Advantage Book Club.csproj", "{C5F5E2CC-7D53-4B92-BFB9-868A9FCB1B61}"
EndProject
Project("{FAE04EC0-301F-11D3-BF4B-00C04F79EFBC}") = "16 Sales discount", "16 Sales discount\16 Sales discount.csproj", "{6D05EFF5-206A-417D-AF09-E0B5C32628ED}"
EndProject
Project("{FAE04EC0-301F-11D3-BF4B-00C04F79EFBC}") = "17 BMI2", "17 BMI2\17 BMI2.csproj", "{C873B93E-0709-42EE-AE3B-491FB12D3F4E}"
EndProject
Project("{FAE04EC0-301F-11D3-BF4B-00C04F79EFBC}") = "18 Name List application", "18 Name List application\18 Name List application.csproj", "{BF8502C2-3503-401E-9D06-3EA5A4A67E7F}"
EndProject
Global
	GlobalSection(SolutionConfigurationPlatforms) = preSolution
		Debug|Any CPU = Debug|Any CPU
		Debug|ARM = Debug|ARM
		Debug|ARM64 = Debug|ARM64
		Debug|x64 = Debug|x64
		Debug|x86 = Debug|x86
		Release|Any CPU = Release|Any CPU
		Release|ARM = Release|ARM
		Release|ARM64 = Release|ARM64
		Release|x64 = Release|x64
		Release|x86 = Release|x86
	EndGlobalSection
	GlobalSection(ProjectConfigurationPlatforms) = postSolution
		{2AE7C175-D5C9-4DDB-A545-1A44B243C621}.Debug|Any CPU.ActiveCfg = Debug|Any CPU
		{2AE7C175-D5C9-4DDB-A545-1A44B243C621}.Debug|Any CPU.Build.0 = Debug|Any CPU
		{2AE7C175-D5C9-4DDB-A545-1A44B243C621}.Debug|ARM.ActiveCfg = Debug|Any CPU
		{2AE7C175-D5C9-4DDB-A545-1A44B243C621}.Debug|ARM.Build.0 = Debug|Any CPU
		{2AE7C175-D5C9-4DDB-A545-1A44B243C621}.Debug|ARM64.ActiveCfg = Debug|Any CPU
		{2AE7C175-D5C9-4DDB-A545-1A44B243C621}.Debug|ARM64.Build.0 = Debug|Any CPU
		{2AE7C175-D5C9-4DDB-A545-1A44B243C621}.Debug|x64.ActiveCfg = Debug|Any CPU
		{2AE7C175-D5C9-4DDB-A545-1A44B243C621}.Debug|x64.Build.0 = Debug|Any CPU
		{2AE7C175-D5C9-4DDB-A545-1A44B243C621}.Debug|x86.ActiveCfg = Debug|Any CPU
		{2AE7C175-D5C9-4DDB-A545-1A44B243C621}.Debug|x86.Build.0 = Debug|Any CPU
		{2AE7C175-D5C9-4DDB-A545-1A44B243C621}.Release|Any CPU.ActiveCfg = Release|Any CPU
		{2AE7C175-D5C9-4DDB-A545-1A44B243C621}.Release|Any CPU.Build.0 = Release|Any CPU
		{2AE7C175-D5C9-4DDB-A545-1A44B243C621}.Release|ARM.ActiveCfg = Release|Any CPU
		{2AE7C175-D5C9-4DDB-A545-1A44B243C621}.Release|ARM.Build.0 = Release|Any CPU
		{2AE7C175-D5C9-4DDB-A545-1A44B243C621}.Release|ARM64.ActiveCfg = Release|Any CPU
		{2AE7C175-D5C9-4DDB-A545-1A44B243C621}.Release|ARM64.Build.0 = Release|Any CPU
		{2AE7C175-D5C9-4DDB-A545-1A44B243C621}.Release|x64.ActiveCfg = Release|Any CPU
		{2AE7C175-D5C9-4DDB-A545-1A44B243C621}.Release|x64.Build.0 = Release|Any CPU
		{2AE7C175-D5C9-4DDB-A545-1A44B243C621}.Release|x86.ActiveCfg = Release|Any CPU
		{2AE7C175-D5C9-4DDB-A545-1A44B243C621}.Release|x86.Build.0 = Release|Any CPU
		{FF8E84A1-34D1-41F9-A53D-48F7DB207300}.Debug|Any CPU.ActiveCfg = Debug|Any CPU
		{FF8E84A1-34D1-41F9-A53D-48F7DB207300}.Debug|Any CPU.Build.0 = Debug|Any CPU
		{FF8E84A1-34D1-41F9-A53D-48F7DB207300}.Debug|ARM.ActiveCfg = Debug|Any CPU
		{FF8E84A1-34D1-41F9-A53D-48F7DB207300}.Debug|ARM.Build.0 = Debug|Any CPU
		{FF8E84A1-34D1-41F9-A53D-48F7DB207300}.Debug|ARM64.ActiveCfg = Debug|Any CPU
		{FF8E84A1-34D1-41F9-A53D-48F7DB207300}.Debug|ARM64.Build.0 = Debug|Any CPU
		{FF8E84A1-34D1-41F9-A53D-48F7DB207300}.Debug|x64.ActiveCfg = Debug|Any CPU
		{FF8E84A1-34D1-41F9-A53D-48F7DB207300}.Debug|x64.Build.0 = Debug|Any CPU
		{FF8E84A1-34D1-41F9-A53D-48F7DB207300}.Debug|x86.ActiveCfg = Debug|Any CPU
		{FF8E84A1-34D1-41F9-A53D-48F7DB207300}.Debug|x86.Build.0 = Debug|Any CPU
		{FF8E84A1-34D1-41F9-A53D-48F7DB207300}.Release|Any CPU.ActiveCfg = Release|Any CPU
		{FF8E84A1-34D1-41F9-A53D-48F7DB207300}.Release|Any CPU.Build.0 = Release|Any CPU
		{FF8E84A1-34D1-41F9-A53D-48F7DB207300}.Release|ARM.ActiveCfg = Release|Any CPU
		{FF8E84A1-34D1-41F9-A53D-48F7DB207300}.Release|ARM.Build.0 = Release|Any CPU
		{FF8E84A1-34D1-41F9-A53D-48F7DB207300}.Release|ARM64.ActiveCfg = Release|Any CPU
		{FF8E84A1-34D1-41F9-A53D-48F7DB207300}.Release|ARM64.Build.0 = Release|Any CPU
		{FF8E84A1-34D1-41F9-A53D-48F7DB207300}.Release|x64.ActiveCfg = Release|Any CPU
		{FF8E84A1-34D1-41F9-A53D-48F7DB207300}.Release|x64.Build.0 = Release|Any CPU
		{FF8E84A1-34D1-41F9-A53D-48F7DB207300}.Release|x86.ActiveCfg = Release|Any CPU
		{FF8E84A1-34D1-41F9-A53D-48F7DB207300}.Release|x86.Build.0 = Release|Any CPU
		{7C3EFBDC-23F6-4617-B4D3-0DAF5EF45423}.Debug|Any CPU.ActiveCfg = Debug|Any CPU
		{7C3EFBDC-23F6-4617-B4D3-0DAF5EF45423}.Debug|Any CPU.Build.0 = Debug|Any CPU
		{7C3EFBDC-23F6-4617-B4D3-0DAF5EF45423}.Debug|ARM.ActiveCfg = Debug|Any CPU
		{7C3EFBDC-23F6-4617-B4D3-0DAF5EF45423}.Debug|ARM.Build.0 = Debug|Any CPU
		{7C3EFBDC-23F6-4617-B4D3-0DAF5EF45423}.Debug|ARM64.ActiveCfg = Debug|Any CPU
		{7C3EFBDC-23F6-4617-B4D3-0DAF5EF45423}.Debug|ARM64.Build.0 = Debug|Any CPU
		{7C3EFBDC-23F6-4617-B4D3-0DAF5EF45423}.Debug|x64.ActiveCfg = Debug|Any CPU
		{7C3EFBDC-23F6-4617-B4D3-0DAF5EF45423}.Debug|x64.Build.0 = Debug|Any CPU
		{7C3EFBDC-23F6-4617-B4D3-0DAF5EF45423}.Debug|x86.ActiveCfg = Debug|Any CPU
		{7C3EFBDC-23F6-4617-B4D3-0DAF5EF45423}.Debug|x86.Build.0 = Debug|Any CPU
		{7C3EFBDC-23F6-4617-B4D3-0DAF5EF45423}.Release|Any CPU.ActiveCfg = Release|Any CPU
		{7C3EFBDC-23F6-4617-B4D3-0DAF5EF45423}.Release|Any CPU.Build.0 = Release|Any CPU
		{7C3EFBDC-23F6-4617-B4D3-0DAF5EF45423}.Release|ARM.ActiveCfg = Release|Any CPU
		{7C3EFBDC-23F6-4617-B4D3-0DAF5EF45423}.Release|ARM.Build.0 = Release|Any CPU
		{7C3EFBDC-23F6-4617-B4D3-0DAF5EF45423}.Release|ARM64.ActiveCfg = Release|Any CPU
		{7C3EFBDC-23F6-4617-B4D3-0DAF5EF45423}.Release|ARM64.Build.0 = Release|Any CPU
		{7C3EFBDC-23F6-4617-B4D3-0DAF5EF45423}.Release|x64.ActiveCfg = Release|Any CPU
		{7C3EFBDC-23F6-4617-B4D3-0DAF5EF45423}.Release|x64.Build.0 = Release|Any CPU
		{7C3EFBDC-23F6-4617-B4D3-0DAF5EF45423}.Release|x86.ActiveCfg = Release|Any CPU
		{7C3EFBDC-23F6-4617-B4D3-0DAF5EF45423}.Release|x86.Build.0 = Release|Any CPU
		{D2A68EF2-3145-4ABC-8DC3-71F3C32CE6D4}.Debug|Any CPU.ActiveCfg = Debug|Any CPU
		{D2A68EF2-3145-4ABC-8DC3-71F3C32CE6D4}.Debug|Any CPU.Build.0 = Debug|Any CPU
		{D2A68EF2-3145-4ABC-8DC3-71F3C32CE6D4}.Debug|ARM.ActiveCfg = Debug|Any CPU
		{D2A68EF2-3145-4ABC-8DC3-71F3C32CE6D4}.Debug|ARM.Build.0 = Debug|Any CPU
		{D2A68EF2-3145-4ABC-8DC3-71F3C32CE6D4}.Debug|ARM64.ActiveCfg = Debug|Any CPU
		{D2A68EF2-3145-4ABC-8DC3-71F3C32CE6D4}.Debug|ARM64.Build.0 = Debug|Any CPU
		{D2A68EF2-3145-4ABC-8DC3-71F3C32CE6D4}.Debug|x64.ActiveCfg = Debug|Any CPU
		{D2A68EF2-3145-4ABC-8DC3-71F3C32CE6D4}.Debug|x64.Build.0 = Debug|Any CPU
		{D2A68EF2-3145-4ABC-8DC3-71F3C32CE6D4}.Debug|x86.ActiveCfg = Debug|Any CPU
		{D2A68EF2-3145-4ABC-8DC3-71F3C32CE6D4}.Debug|x86.Build.0 = Debug|Any CPU
		{D2A68EF2-3145-4ABC-8DC3-71F3C32CE6D4}.Release|Any CPU.ActiveCfg = Release|Any CPU
		{D2A68EF2-3145-4ABC-8DC3-71F3C32CE6D4}.Release|Any CPU.Build.0 = Release|Any CPU
		{D2A68EF2-3145-4ABC-8DC3-71F3C32CE6D4}.Release|ARM.ActiveCfg = Release|Any CPU
		{D2A68EF2-3145-4ABC-8DC3-71F3C32CE6D4}.Release|ARM.Build.0 = Release|Any CPU
		{D2A68EF2-3145-4ABC-8DC3-71F3C32CE6D4}.Release|ARM64.ActiveCfg = Release|Any CPU
		{D2A68EF2-3145-4ABC-8DC3-71F3C32CE6D4}.Release|ARM64.Build.0 = Release|Any CPU
		{D2A68EF2-3145-4ABC-8DC3-71F3C32CE6D4}.Release|x64.ActiveCfg = Release|Any CPU
		{D2A68EF2-3145-4ABC-8DC3-71F3C32CE6D4}.Release|x64.Build.0 = Release|Any CPU
		{D2A68EF2-3145-4ABC-8DC3-71F3C32CE6D4}.Release|x86.ActiveCfg = Release|Any CPU
		{D2A68EF2-3145-4ABC-8DC3-71F3C32CE6D4}.Release|x86.Build.0 = Release|Any CPU
		{3FD1FB61-5800-4B83-9276-714B6842C727}.Debug|Any CPU.ActiveCfg = Debug|Any CPU
		{3FD1FB61-5800-4B83-9276-714B6842C727}.Debug|Any CPU.Build.0 = Debug|Any CPU
		{3FD1FB61-5800-4B83-9276-714B6842C727}.Debug|ARM.ActiveCfg = Debug|Any CPU
		{3FD1FB61-5800-4B83-9276-714B6842C727}.Debug|ARM.Build.0 = Debug|Any CPU
		{3FD1FB61-5800-4B83-9276-714B6842C727}.Debug|ARM64.ActiveCfg = Debug|Any CPU
		{3FD1FB61-5800-4B83-9276-714B6842C727}.Debug|ARM64.Build.0 = Debug|Any CPU
		{3FD1FB61-5800-4B83-9276-714B6842C727}.Debug|x64.ActiveCfg = Debug|Any CPU
		{3FD1FB61-5800-4B83-9276-714B6842C727}.Debug|x64.Build.0 = Debug|Any CPU
		{3FD1FB61-5800-4B83-9276-714B6842C727}.Debug|x86.ActiveCfg = Debug|Any CPU
		{3FD1FB61-5800-4B83-9276-714B6842C727}.Debug|x86.Build.0 = Debug|Any CPU
		{3FD1FB61-5800-4B83-9276-714B6842C727}.Release|Any CPU.ActiveCfg = Release|Any CPU
		{3FD1FB61-5800-4B83-9276-714B6842C727}.Release|Any CPU.Build.0 = Release|Any CPU
		{3FD1FB61-5800-4B83-9276-714B6842C727}.Release|ARM.ActiveCfg = Release|Any CPU
		{3FD1FB61-5800-4B83-9276-714B6842C727}.Release|ARM.Build.0 = Release|Any CPU
		{3FD1FB61-5800-4B83-9276-714B6842C727}.Release|ARM64.ActiveCfg = Release|Any CPU
		{3FD1FB61-5800-4B83-9276-714B6842C727}.Release|ARM64.Build.0 = Release|Any CPU
		{3FD1FB61-5800-4B83-9276-714B6842C727}.Release|x64.ActiveCfg = Release|Any CPU
		{3FD1FB61-5800-4B83-9276-714B6842C727}.Release|x64.Build.0 = Release|Any CPU
		{3FD1FB61-5800-4B83-9276-714B6842C727}.Release|x86.ActiveCfg = Release|Any CPU
		{3FD1FB61-5800-4B83-9276-714B6842C727}.Release|x86.Build.0 = Release|Any CPU
		{3C84E622-D5EF-45AC-907D-F72B0958EE37}.Debug|Any CPU.ActiveCfg = Debug|Any CPU
		{3C84E622-D5EF-45AC-907D-F72B0958EE37}.Debug|Any CPU.Build.0 = Debug|Any CPU
		{3C84E622-D5EF-45AC-907D-F72B0958EE37}.Debug|ARM.ActiveCfg = Debug|Any CPU
		{3C84E622-D5EF-45AC-907D-F72B0958EE37}.Debug|ARM.Build.0 = Debug|Any CPU
		{3C84E622-D5EF-45AC-907D-F72B0958EE37}.Debug|ARM64.ActiveCfg = Debug|Any CPU
		{3C84E622-D5EF-45AC-907D-F72B0958EE37}.Debug|ARM64.Build.0 = Debug|Any CPU
		{3C84E622-D5EF-45AC-907D-F72B0958EE37}.Debug|x64.ActiveCfg = Debug|Any CPU
		{3C84E622-D5EF-45AC-907D-F72B0958EE37}.Debug|x64.Build.0 = Debug|Any CPU
		{3C84E622-D5EF-45AC-907D-F72B0958EE37}.Debug|x86.ActiveCfg = Debug|Any CPU
		{3C84E622-D5EF-45AC-907D-F72B0958EE37}.Debug|x86.Build.0 = Debug|Any CPU
		{3C84E622-D5EF-45AC-907D-F72B0958EE37}.Release|Any CPU.ActiveCfg = Release|Any CPU
		{3C84E622-D5EF-45AC-907D-F72B0958EE37}.Release|Any CPU.Build.0 = Release|Any CPU
		{3C84E622-D5EF-45AC-907D-F72B0958EE37}.Release|ARM.ActiveCfg = Release|Any CPU
		{3C84E622-D5EF-45AC-907D-F72B0958EE37}.Release|ARM.Build.0 = Release|Any CPU
		{3C84E622-D5EF-45AC-907D-F72B0958EE37}.Release|ARM64.ActiveCfg = Release|Any CPU
		{3C84E622-D5EF-45AC-907D-F72B0958EE37}.Release|ARM64.Build.0 = Release|Any CPU
		{3C84E622-D5EF-45AC-907D-F72B0958EE37}.Release|x64.ActiveCfg = Release|Any CPU
		{3C84E622-D5EF-45AC-907D-F72B0958EE37}.Release|x64.Build.0 = Release|Any CPU
		{3C84E622-D5EF-45AC-907D-F72B0958EE37}.Release|x86.ActiveCfg = Release|Any CPU
		{3C84E622-D5EF-45AC-907D-F72B0958EE37}.Release|x86.Build.0 = Release|Any CPU
		{D7555B26-5BE3-4033-8D1B-1F1A6815EC75}.Debug|Any CPU.ActiveCfg = Debug|Any CPU
		{D7555B26-5BE3-4033-8D1B-1F1A6815EC75}.Debug|Any CPU.Build.0 = Debug|Any CPU
		{D7555B26-5BE3-4033-8D1B-1F1A6815EC75}.Debug|ARM.ActiveCfg = Debug|Any CPU
		{D7555B26-5BE3-4033-8D1B-1F1A6815EC75}.Debug|ARM.Build.0 = Debug|Any CPU
		{D7555B26-5BE3-4033-8D1B-1F1A6815EC75}.Debug|ARM64.ActiveCfg = Debug|Any CPU
		{D7555B26-5BE3-4033-8D1B-1F1A6815EC75}.Debug|ARM64.Build.0 = Debug|Any CPU
		{D7555B26-5BE3-4033-8D1B-1F1A6815EC75}.Debug|x64.ActiveCfg = Debug|Any CPU
		{D7555B26-5BE3-4033-8D1B-1F1A6815EC75}.Debug|x64.Build.0 = Debug|Any CPU
		{D7555B26-5BE3-4033-8D1B-1F1A6815EC75}.Debug|x86.ActiveCfg = Debug|Any CPU
		{D7555B26-5BE3-4033-8D1B-1F1A6815EC75}.Debug|x86.Build.0 = Debug|Any CPU
		{D7555B26-5BE3-4033-8D1B-1F1A6815EC75}.Release|Any CPU.ActiveCfg = Release|Any CPU
		{D7555B26-5BE3-4033-8D1B-1F1A6815EC75}.Release|Any CPU.Build.0 = Release|Any CPU
		{D7555B26-5BE3-4033-8D1B-1F1A6815EC75}.Release|ARM.ActiveCfg = Release|Any CPU
		{D7555B26-5BE3-4033-8D1B-1F1A6815EC75}.Release|ARM.Build.0 = Release|Any CPU
		{D7555B26-5BE3-4033-8D1B-1F1A6815EC75}.Release|ARM64.ActiveCfg = Release|Any CPU
		{D7555B26-5BE3-4033-8D1B-1F1A6815EC75}.Release|ARM64.Build.0 = Release|Any CPU
		{D7555B26-5BE3-4033-8D1B-1F1A6815EC75}.Release|x64.ActiveCfg = Release|Any CPU
		{D7555B26-5BE3-4033-8D1B-1F1A6815EC75}.Release|x64.Build.0 = Release|Any CPU
		{D7555B26-5BE3-4033-8D1B-1F1A6815EC75}.Release|x86.ActiveCfg = Release|Any CPU
		{D7555B26-5BE3-4033-8D1B-1F1A6815EC75}.Release|x86.Build.0 = Release|Any CPU
		{E7475047-9F17-45E0-BA30-255A28D7461D}.Debug|Any CPU.ActiveCfg = Debug|Any CPU
		{E7475047-9F17-45E0-BA30-255A28D7461D}.Debug|Any CPU.Build.0 = Debug|Any CPU
		{E7475047-9F17-45E0-BA30-255A28D7461D}.Debug|ARM.ActiveCfg = Debug|Any CPU
		{E7475047-9F17-45E0-BA30-255A28D7461D}.Debug|ARM.Build.0 = Debug|Any CPU
		{E7475047-9F17-45E0-BA30-255A28D7461D}.Debug|ARM64.ActiveCfg = Debug|Any CPU
		{E7475047-9F17-45E0-BA30-255A28D7461D}.Debug|ARM64.Build.0 = Debug|Any CPU
		{E7475047-9F17-45E0-BA30-255A28D7461D}.Debug|x64.ActiveCfg = Debug|Any CPU
		{E7475047-9F17-45E0-BA30-255A28D7461D}.Debug|x64.Build.0 = Debug|Any CPU
		{E7475047-9F17-45E0-BA30-255A28D7461D}.Debug|x86.ActiveCfg = Debug|Any CPU
		{E7475047-9F17-45E0-BA30-255A28D7461D}.Debug|x86.Build.0 = Debug|Any CPU
		{E7475047-9F17-45E0-BA30-255A28D7461D}.Release|Any CPU.ActiveCfg = Release|Any CPU
		{E7475047-9F17-45E0-BA30-255A28D7461D}.Release|Any CPU.Build.0 = Release|Any CPU
		{E7475047-9F17-45E0-BA30-255A28D7461D}.Release|ARM.ActiveCfg = Release|Any CPU
		{E7475047-9F17-45E0-BA30-255A28D7461D}.Release|ARM.Build.0 = Release|Any CPU
		{E7475047-9F17-45E0-BA30-255A28D7461D}.Release|ARM64.ActiveCfg = Release|Any CPU
		{E7475047-9F17-45E0-BA30-255A28D7461D}.Release|ARM64.Build.0 = Release|Any CPU
		{E7475047-9F17-45E0-BA30-255A28D7461D}.Release|x64.ActiveCfg = Release|Any CPU
		{E7475047-9F17-45E0-BA30-255A28D7461D}.Release|x64.Build.0 = Release|Any CPU
		{E7475047-9F17-45E0-BA30-255A28D7461D}.Release|x86.ActiveCfg = Release|Any CPU
		{E7475047-9F17-45E0-BA30-255A28D7461D}.Release|x86.Build.0 = Release|Any CPU
		{D83B99C8-6F5B-4300-99D0-233880700685}.Debug|Any CPU.ActiveCfg = Debug|Any CPU
		{D83B99C8-6F5B-4300-99D0-233880700685}.Debug|Any CPU.Build.0 = Debug|Any CPU
		{D83B99C8-6F5B-4300-99D0-233880700685}.Debug|ARM.ActiveCfg = Debug|Any CPU
		{D83B99C8-6F5B-4300-99D0-233880700685}.Debug|ARM.Build.0 = Debug|Any CPU
		{D83B99C8-6F5B-4300-99D0-233880700685}.Debug|ARM64.ActiveCfg = Debug|Any CPU
		{D83B99C8-6F5B-4300-99D0-233880700685}.Debug|ARM64.Build.0 = Debug|Any CPU
		{D83B99C8-6F5B-4300-99D0-233880700685}.Debug|x64.ActiveCfg = Debug|Any CPU
		{D83B99C8-6F5B-4300-99D0-233880700685}.Debug|x64.Build.0 = Debug|Any CPU
		{D83B99C8-6F5B-4300-99D0-233880700685}.Debug|x86.ActiveCfg = Debug|Any CPU
		{D83B99C8-6F5B-4300-99D0-233880700685}.Debug|x86.Build.0 = Debug|Any CPU
		{D83B99C8-6F5B-4300-99D0-233880700685}.Release|Any CPU.ActiveCfg = Release|Any CPU
		{D83B99C8-6F5B-4300-99D0-233880700685}.Release|Any CPU.Build.0 = Release|Any CPU
		{D83B99C8-6F5B-4300-99D0-233880700685}.Release|ARM.ActiveCfg = Release|Any CPU
		{D83B99C8-6F5B-4300-99D0-233880700685}.Release|ARM.Build.0 = Release|Any CPU
		{D83B99C8-6F5B-4300-99D0-233880700685}.Release|ARM64.ActiveCfg = Release|Any CPU
		{D83B99C8-6F5B-4300-99D0-233880700685}.Release|ARM64.Build.0 = Release|Any CPU
		{D83B99C8-6F5B-4300-99D0-233880700685}.Release|x64.ActiveCfg = Release|Any CPU
		{D83B99C8-6F5B-4300-99D0-233880700685}.Release|x64.Build.0 = Release|Any CPU
		{D83B99C8-6F5B-4300-99D0-233880700685}.Release|x86.ActiveCfg = Release|Any CPU
		{D83B99C8-6F5B-4300-99D0-233880700685}.Release|x86.Build.0 = Release|Any CPU
		{E86E001A-EF9A-4634-8ACE-719DD0DDC870}.Debug|Any CPU.ActiveCfg = Debug|Any CPU
		{E86E001A-EF9A-4634-8ACE-719DD0DDC870}.Debug|Any CPU.Build.0 = Debug|Any CPU
		{E86E001A-EF9A-4634-8ACE-719DD0DDC870}.Debug|ARM.ActiveCfg = Debug|Any CPU
		{E86E001A-EF9A-4634-8ACE-719DD0DDC870}.Debug|ARM.Build.0 = Debug|Any CPU
		{E86E001A-EF9A-4634-8ACE-719DD0DDC870}.Debug|ARM64.ActiveCfg = Debug|Any CPU
		{E86E001A-EF9A-4634-8ACE-719DD0DDC870}.Debug|ARM64.Build.0 = Debug|Any CPU
		{E86E001A-EF9A-4634-8ACE-719DD0DDC870}.Debug|x64.ActiveCfg = Debug|Any CPU
		{E86E001A-EF9A-4634-8ACE-719DD0DDC870}.Debug|x64.Build.0 = Debug|Any CPU
		{E86E001A-EF9A-4634-8ACE-719DD0DDC870}.Debug|x86.ActiveCfg = Debug|Any CPU
		{E86E001A-EF9A-4634-8ACE-719DD0DDC870}.Debug|x86.Build.0 = Debug|Any CPU
		{E86E001A-EF9A-4634-8ACE-719DD0DDC870}.Release|Any CPU.ActiveCfg = Release|Any CPU
		{E86E001A-EF9A-4634-8ACE-719DD0DDC870}.Release|Any CPU.Build.0 = Release|Any CPU
		{E86E001A-EF9A-4634-8ACE-719DD0DDC870}.Release|ARM.ActiveCfg = Release|Any CPU
		{E86E001A-EF9A-4634-8ACE-719DD0DDC870}.Release|ARM.Build.0 = Release|Any CPU
		{E86E001A-EF9A-4634-8ACE-719DD0DDC870}.Release|ARM64.ActiveCfg = Release|Any CPU
		{E86E001A-EF9A-4634-8ACE-719DD0DDC870}.Release|ARM64.Build.0 = Release|Any CPU
		{E86E001A-EF9A-4634-8ACE-719DD0DDC870}.Release|x64.ActiveCfg = Release|Any CPU
		{E86E001A-EF9A-4634-8ACE-719DD0DDC870}.Release|x64.Build.0 = Release|Any CPU
		{E86E001A-EF9A-4634-8ACE-719DD0DDC870}.Release|x86.ActiveCfg = Release|Any CPU
		{E86E001A-EF9A-4634-8ACE-719DD0DDC870}.Release|x86.Build.0 = Release|Any CPU
		{87DD48E3-EE12-4CFD-B4C4-C4E98FC59879}.Debug|Any CPU.ActiveCfg = Debug|Any CPU
		{87DD48E3-EE12-4CFD-B4C4-C4E98FC59879}.Debug|Any CPU.Build.0 = Debug|Any CPU
		{87DD48E3-EE12-4CFD-B4C4-C4E98FC59879}.Debug|ARM.ActiveCfg = Debug|Any CPU
		{87DD48E3-EE12-4CFD-B4C4-C4E98FC59879}.Debug|ARM.Build.0 = Debug|Any CPU
		{87DD48E3-EE12-4CFD-B4C4-C4E98FC59879}.Debug|ARM64.ActiveCfg = Debug|Any CPU
		{87DD48E3-EE12-4CFD-B4C4-C4E98FC59879}.Debug|ARM64.Build.0 = Debug|Any CPU
		{87DD48E3-EE12-4CFD-B4C4-C4E98FC59879}.Debug|x64.ActiveCfg = Debug|Any CPU
		{87DD48E3-EE12-4CFD-B4C4-C4E98FC59879}.Debug|x64.Build.0 = Debug|Any CPU
		{87DD48E3-EE12-4CFD-B4C4-C4E98FC59879}.Debug|x86.ActiveCfg = Debug|Any CPU
		{87DD48E3-EE12-4CFD-B4C4-C4E98FC59879}.Debug|x86.Build.0 = Debug|Any CPU
		{87DD48E3-EE12-4CFD-B4C4-C4E98FC59879}.Release|Any CPU.ActiveCfg = Release|Any CPU
		{87DD48E3-EE12-4CFD-B4C4-C4E98FC59879}.Release|Any CPU.Build.0 = Release|Any CPU
		{87DD48E3-EE12-4CFD-B4C4-C4E98FC59879}.Release|ARM.ActiveCfg = Release|Any CPU
		{87DD48E3-EE12-4CFD-B4C4-C4E98FC59879}.Release|ARM.Build.0 = Release|Any CPU
		{87DD48E3-EE12-4CFD-B4C4-C4E98FC59879}.Release|ARM64.ActiveCfg = Release|Any CPU
		{87DD48E3-EE12-4CFD-B4C4-C4E98FC59879}.Release|ARM64.Build.0 = Release|Any CPU
		{87DD48E3-EE12-4CFD-B4C4-C4E98FC59879}.Release|x64.ActiveCfg = Release|Any CPU
		{87DD48E3-EE12-4CFD-B4C4-C4E98FC59879}.Release|x64.Build.0 = Release|Any CPU
		{87DD48E3-EE12-4CFD-B4C4-C4E98FC59879}.Release|x86.ActiveCfg = Release|Any CPU
		{87DD48E3-EE12-4CFD-B4C4-C4E98FC59879}.Release|x86.Build.0 = Release|Any CPU
		{4F96123C-BA41-445D-857F-11F3516A2A5E}.Debug|Any CPU.ActiveCfg = Debug|Any CPU
		{4F96123C-BA41-445D-857F-11F3516A2A5E}.Debug|Any CPU.Build.0 = Debug|Any CPU
		{4F96123C-BA41-445D-857F-11F3516A2A5E}.Debug|ARM.ActiveCfg = Debug|Any CPU
		{4F96123C-BA41-445D-857F-11F3516A2A5E}.Debug|ARM.Build.0 = Debug|Any CPU
		{4F96123C-BA41-445D-857F-11F3516A2A5E}.Debug|ARM64.ActiveCfg = Debug|Any CPU
		{4F96123C-BA41-445D-857F-11F3516A2A5E}.Debug|ARM64.Build.0 = Debug|Any CPU
		{4F96123C-BA41-445D-857F-11F3516A2A5E}.Debug|x64.ActiveCfg = Debug|Any CPU
		{4F96123C-BA41-445D-857F-11F3516A2A5E}.Debug|x64.Build.0 = Debug|Any CPU
		{4F96123C-BA41-445D-857F-11F3516A2A5E}.Debug|x86.ActiveCfg = Debug|Any CPU
		{4F96123C-BA41-445D-857F-11F3516A2A5E}.Debug|x86.Build.0 = Debug|Any CPU
		{4F96123C-BA41-445D-857F-11F3516A2A5E}.Release|Any CPU.ActiveCfg = Release|Any CPU
		{4F96123C-BA41-445D-857F-11F3516A2A5E}.Release|Any CPU.Build.0 = Release|Any CPU
		{4F96123C-BA41-445D-857F-11F3516A2A5E}.Release|ARM.ActiveCfg = Release|Any CPU
		{4F96123C-BA41-445D-857F-11F3516A2A5E}.Release|ARM.Build.0 = Release|Any CPU
		{4F96123C-BA41-445D-857F-11F3516A2A5E}.Release|ARM64.ActiveCfg = Release|Any CPU
		{4F96123C-BA41-445D-857F-11F3516A2A5E}.Release|ARM64.Build.0 = Release|Any CPU
		{4F96123C-BA41-445D-857F-11F3516A2A5E}.Release|x64.ActiveCfg = Release|Any CPU
		{4F96123C-BA41-445D-857F-11F3516A2A5E}.Release|x64.Build.0 = Release|Any CPU
		{4F96123C-BA41-445D-857F-11F3516A2A5E}.Release|x86.ActiveCfg = Release|Any CPU
		{4F96123C-BA41-445D-857F-11F3516A2A5E}.Release|x86.Build.0 = Release|Any CPU
		{67B11AEB-19AB-4FED-A738-953BC03BD160}.Debug|Any CPU.ActiveCfg = Release
		{67B11AEB-19AB-4FED-A738-953BC03BD160}.Debug|ARM.ActiveCfg = Debug
		{67B11AEB-19AB-4FED-A738-953BC03BD160}.Debug|ARM.Build.0 = Debug
		{67B11AEB-19AB-4FED-A738-953BC03BD160}.Debug|ARM64.ActiveCfg = Debug
		{67B11AEB-19AB-4FED-A738-953BC03BD160}.Debug|ARM64.Build.0 = Debug
		{67B11AEB-19AB-4FED-A738-953BC03BD160}.Debug|x64.ActiveCfg = Release
		{67B11AEB-19AB-4FED-A738-953BC03BD160}.Debug|x64.Build.0 = Release
		{67B11AEB-19AB-4FED-A738-953BC03BD160}.Debug|x86.ActiveCfg = Debug
		{67B11AEB-19AB-4FED-A738-953BC03BD160}.Debug|x86.Build.0 = Debug
		{67B11AEB-19AB-4FED-A738-953BC03BD160}.Release|Any CPU.ActiveCfg = Release
		{67B11AEB-19AB-4FED-A738-953BC03BD160}.Release|Any CPU.Build.0 = Release
		{67B11AEB-19AB-4FED-A738-953BC03BD160}.Release|ARM.ActiveCfg = Release
		{67B11AEB-19AB-4FED-A738-953BC03BD160}.Release|ARM.Build.0 = Release
		{67B11AEB-19AB-4FED-A738-953BC03BD160}.Release|ARM64.ActiveCfg = Release
		{67B11AEB-19AB-4FED-A738-953BC03BD160}.Release|ARM64.Build.0 = Release
		{67B11AEB-19AB-4FED-A738-953BC03BD160}.Release|x64.ActiveCfg = Release
		{67B11AEB-19AB-4FED-A738-953BC03BD160}.Release|x64.Build.0 = Release
		{67B11AEB-19AB-4FED-A738-953BC03BD160}.Release|x86.ActiveCfg = Release
		{67B11AEB-19AB-4FED-A738-953BC03BD160}.Release|x86.Build.0 = Release
		{C5F5E2CC-7D53-4B92-BFB9-868A9FCB1B61}.Debug|Any CPU.ActiveCfg = Debug|Any CPU
		{C5F5E2CC-7D53-4B92-BFB9-868A9FCB1B61}.Debug|Any CPU.Build.0 = Debug|Any CPU
		{C5F5E2CC-7D53-4B92-BFB9-868A9FCB1B61}.Debug|ARM.ActiveCfg = Debug|Any CPU
		{C5F5E2CC-7D53-4B92-BFB9-868A9FCB1B61}.Debug|ARM.Build.0 = Debug|Any CPU
		{C5F5E2CC-7D53-4B92-BFB9-868A9FCB1B61}.Debug|ARM64.ActiveCfg = Debug|Any CPU
		{C5F5E2CC-7D53-4B92-BFB9-868A9FCB1B61}.Debug|ARM64.Build.0 = Debug|Any CPU
		{C5F5E2CC-7D53-4B92-BFB9-868A9FCB1B61}.Debug|x64.ActiveCfg = Debug|Any CPU
		{C5F5E2CC-7D53-4B92-BFB9-868A9FCB1B61}.Debug|x64.Build.0 = Debug|Any CPU
		{C5F5E2CC-7D53-4B92-BFB9-868A9FCB1B61}.Debug|x86.ActiveCfg = Debug|Any CPU
		{C5F5E2CC-7D53-4B92-BFB9-868A9FCB1B61}.Debug|x86.Build.0 = Debug|Any CPU
		{C5F5E2CC-7D53-4B92-BFB9-868A9FCB1B61}.Release|Any CPU.ActiveCfg = Release|Any CPU
		{C5F5E2CC-7D53-4B92-BFB9-868A9FCB1B61}.Release|Any CPU.Build.0 = Release|Any CPU
		{C5F5E2CC-7D53-4B92-BFB9-868A9FCB1B61}.Release|ARM.ActiveCfg = Release|Any CPU
		{C5F5E2CC-7D53-4B92-BFB9-868A9FCB1B61}.Release|ARM.Build.0 = Release|Any CPU
		{C5F5E2CC-7D53-4B92-BFB9-868A9FCB1B61}.Release|ARM64.ActiveCfg = Release|Any CPU
		{C5F5E2CC-7D53-4B92-BFB9-868A9FCB1B61}.Release|ARM64.Build.0 = Release|Any CPU
		{C5F5E2CC-7D53-4B92-BFB9-868A9FCB1B61}.Release|x64.ActiveCfg = Release|Any CPU
		{C5F5E2CC-7D53-4B92-BFB9-868A9FCB1B61}.Release|x64.Build.0 = Release|Any CPU
		{C5F5E2CC-7D53-4B92-BFB9-868A9FCB1B61}.Release|x86.ActiveCfg = Release|Any CPU
		{C5F5E2CC-7D53-4B92-BFB9-868A9FCB1B61}.Release|x86.Build.0 = Release|Any CPU
		{6D05EFF5-206A-417D-AF09-E0B5C32628ED}.Debug|Any CPU.ActiveCfg = Debug|Any CPU
		{6D05EFF5-206A-417D-AF09-E0B5C32628ED}.Debug|Any CPU.Build.0 = Debug|Any CPU
		{6D05EFF5-206A-417D-AF09-E0B5C32628ED}.Debug|ARM.ActiveCfg = Debug|Any CPU
		{6D05EFF5-206A-417D-AF09-E0B5C32628ED}.Debug|ARM.Build.0 = Debug|Any CPU
		{6D05EFF5-206A-417D-AF09-E0B5C32628ED}.Debug|ARM64.ActiveCfg = Debug|Any CPU
		{6D05EFF5-206A-417D-AF09-E0B5C32628ED}.Debug|ARM64.Build.0 = Debug|Any CPU
		{6D05EFF5-206A-417D-AF09-E0B5C32628ED}.Debug|x64.ActiveCfg = Debug|Any CPU
		{6D05EFF5-206A-417D-AF09-E0B5C32628ED}.Debug|x64.Build.0 = Debug|Any CPU
		{6D05EFF5-206A-417D-AF09-E0B5C32628ED}.Debug|x86.ActiveCfg = Debug|Any CPU
		{6D05EFF5-206A-417D-AF09-E0B5C32628ED}.Debug|x86.Build.0 = Debug|Any CPU
		{6D05EFF5-206A-417D-AF09-E0B5C32628ED}.Release|Any CPU.ActiveCfg = Release|Any CPU
		{6D05EFF5-206A-417D-AF09-E0B5C32628ED}.Release|Any CPU.Build.0 = Release|Any CPU
		{6D05EFF5-206A-417D-AF09-E0B5C32628ED}.Release|ARM.ActiveCfg = Release|Any CPU
		{6D05EFF5-206A-417D-AF09-E0B5C32628ED}.Release|ARM.Build.0 = Release|Any CPU
		{6D05EFF5-206A-417D-AF09-E0B5C32628ED}.Release|ARM64.ActiveCfg = Release|Any CPU
		{6D05EFF5-206A-417D-AF09-E0B5C32628ED}.Release|ARM64.Build.0 = Release|Any CPU
		{6D05EFF5-206A-417D-AF09-E0B5C32628ED}.Release|x64.ActiveCfg = Release|Any CPU
		{6D05EFF5-206A-417D-AF09-E0B5C32628ED}.Release|x64.Build.0 = Release|Any CPU
		{6D05EFF5-206A-417D-AF09-E0B5C32628ED}.Release|x86.ActiveCfg = Release|Any CPU
		{6D05EFF5-206A-417D-AF09-E0B5C32628ED}.Release|x86.Build.0 = Release|Any CPU
		{C873B93E-0709-42EE-AE3B-491FB12D3F4E}.Debug|Any CPU.ActiveCfg = Debug|Any CPU
		{C873B93E-0709-42EE-AE3B-491FB12D3F4E}.Debug|Any CPU.Build.0 = Debug|Any CPU
		{C873B93E-0709-42EE-AE3B-491FB12D3F4E}.Debug|ARM.ActiveCfg = Debug|Any CPU
		{C873B93E-0709-42EE-AE3B-491FB12D3F4E}.Debug|ARM.Build.0 = Debug|Any CPU
		{C873B93E-0709-42EE-AE3B-491FB12D3F4E}.Debug|ARM64.ActiveCfg = Debug|Any CPU
		{C873B93E-0709-42EE-AE3B-491FB12D3F4E}.Debug|ARM64.Build.0 = Debug|Any CPU
		{C873B93E-0709-42EE-AE3B-491FB12D3F4E}.Debug|x64.ActiveCfg = Debug|Any CPU
		{C873B93E-0709-42EE-AE3B-491FB12D3F4E}.Debug|x64.Build.0 = Debug|Any CPU
		{C873B93E-0709-42EE-AE3B-491FB12D3F4E}.Debug|x86.ActiveCfg = Debug|Any CPU
		{C873B93E-0709-42EE-AE3B-491FB12D3F4E}.Debug|x86.Build.0 = Debug|Any CPU
		{C873B93E-0709-42EE-AE3B-491FB12D3F4E}.Release|Any CPU.ActiveCfg = Release|Any CPU
		{C873B93E-0709-42EE-AE3B-491FB12D3F4E}.Release|Any CPU.Build.0 = Release|Any CPU
		{C873B93E-0709-42EE-AE3B-491FB12D3F4E}.Release|ARM.ActiveCfg = Release|Any CPU
		{C873B93E-0709-42EE-AE3B-491FB12D3F4E}.Release|ARM.Build.0 = Release|Any CPU
		{C873B93E-0709-42EE-AE3B-491FB12D3F4E}.Release|ARM64.ActiveCfg = Release|Any CPU
		{C873B93E-0709-42EE-AE3B-491FB12D3F4E}.Release|ARM64.Build.0 = Release|Any CPU
		{C873B93E-0709-42EE-AE3B-491FB12D3F4E}.Release|x64.ActiveCfg = Release|Any CPU
		{C873B93E-0709-42EE-AE3B-491FB12D3F4E}.Release|x64.Build.0 = Release|Any CPU
		{C873B93E-0709-42EE-AE3B-491FB12D3F4E}.Release|x86.ActiveCfg = Release|Any CPU
		{C873B93E-0709-42EE-AE3B-491FB12D3F4E}.Release|x86.Build.0 = Release|Any CPU
		{BF8502C2-3503-401E-9D06-3EA5A4A67E7F}.Debug|Any CPU.ActiveCfg = Debug|Any CPU
		{BF8502C2-3503-401E-9D06-3EA5A4A67E7F}.Debug|Any CPU.Build.0 = Debug|Any CPU
		{BF8502C2-3503-401E-9D06-3EA5A4A67E7F}.Debug|ARM.ActiveCfg = Debug|Any CPU
		{BF8502C2-3503-401E-9D06-3EA5A4A67E7F}.Debug|ARM.Build.0 = Debug|Any CPU
		{BF8502C2-3503-401E-9D06-3EA5A4A67E7F}.Debug|ARM64.ActiveCfg = Debug|Any CPU
		{BF8502C2-3503-401E-9D06-3EA5A4A67E7F}.Debug|ARM64.Build.0 = Debug|Any CPU
		{BF8502C2-3503-401E-9D06-3EA5A4A67E7F}.Debug|x64.ActiveCfg = Debug|Any CPU
		{BF8502C2-3503-401E-9D06-3EA5A4A67E7F}.Debug|x64.Build.0 = Debug|Any CPU
		{BF8502C2-3503-401E-9D06-3EA5A4A67E7F}.Debug|x86.ActiveCfg = Debug|Any CPU
		{BF8502C2-3503-401E-9D06-3EA5A4A67E7F}.Debug|x86.Build.0 = Debug|Any CPU
		{BF8502C2-3503-401E-9D06-3EA5A4A67E7F}.Release|Any CPU.ActiveCfg = Release|Any CPU
		{BF8502C2-3503-401E-9D06-3EA5A4A67E7F}.Release|Any CPU.Build.0 = Release|Any CPU
		{BF8502C2-3503-401E-9D06-3EA5A4A67E7F}.Release|ARM.ActiveCfg = Release|Any CPU
		{BF8502C2-3503-401E-9D06-3EA5A4A67E7F}.Release|ARM.Build.0 = Release|Any CPU
		{BF8502C2-3503-401E-9D06-3EA5A4A67E7F}.Release|ARM64.ActiveCfg = Release|Any CPU
		{BF8502C2-3503-401E-9D06-3EA5A4A67E7F}.Release|ARM64.Build.0 = Release|Any CPU
		{BF8502C2-3503-401E-9D06-3EA5A4A67E7F}.Release|x64.ActiveCfg = Release|Any CPU
		{BF8502C2-3503-401E-9D06-3EA5A4A67E7F}.Release|x64.Build.0 = Release|Any CPU
		{BF8502C2-3503-401E-9D06-3EA5A4A67E7F}.Release|x86.ActiveCfg = Release|Any CPU
		{BF8502C2-3503-401E-9D06-3EA5A4A67E7F}.Release|x86.Build.0 = Release|Any CPU
	EndGlobalSection
	GlobalSection(SolutionProperties) = preSolution
		HideSolutionNode = FALSE
	EndGlobalSection
	GlobalSection(ExtensibilityGlobals) = postSolution
		SolutionGuid = {409E32B1-9E17-4DE4-AF2B-A65EF4CCEBAB}
	EndGlobalSection
EndGlobal
