
Microsoft Visual Studio Solution File, Format Version 12.00
# Visual Studio Version 16
VisualStudioVersion = 16.0.31702.278
MinimumVisualStudioVersion = 10.0.40219.1
Project("{9A19103F-16F7-4668-BE54-9A1E7A4F7556}") = "8 payroll", "8 payroll\8 payroll.csproj", "{2AE7C175-D5C9-4DDB-A545-1A44B243C621}"
EndProject
Project("{9A19103F-16F7-4668-BE54-9A1E7A4F7556}") = "1 Good morning", "1 good morning\1 Good morning.csproj", "{FF8E84A1-34D1-41F9-A53D-48F7DB207300}"
EndProject
Project("{9A19103F-16F7-4668-BE54-9A1E7A4F7556}") = "2 Your Name", "2 Your name\2 Your Name.csproj", "{7C3EFBDC-23F6-4617-B4D3-0DAF5EF45423}"
EndProject
Project("{9A19103F-16F7-4668-BE54-9A1E7A4F7556}") = "3 Your name Troll", "3 Your name troll\3 Your name Troll.csproj", "{65209485-20A7-4DD1-B5CA-A7434A7695C2}"
EndProject
Project("{9A19103F-16F7-4668-BE54-9A1E7A4F7556}") = "4 BirthDate", "4 BirthDate\4 BirthDate.csproj", "{D2A68EF2-3145-4ABC-8DC3-71F3C32CE6D4}"
EndProject
Project("{9A19103F-16F7-4668-BE54-9A1E7A4F7556}") = "5 Miles calculator", "5 Miles calculator\5 Miles calculator.csproj", "{3FD1FB61-5800-4B83-9276-714B6842C727}"
EndProject
Project("{9A19103F-16F7-4668-BE54-9A1E7A4F7556}") = "6 Discount calculator", "6 discount calc\6 Discount calculator.csproj", "{3C84E622-D5EF-45AC-907D-F72B0958EE37}"
EndProject
Project("{9A19103F-16F7-4668-BE54-9A1E7A4F7556}") = "7 Average score", "7 Test score average\7 Average score.csproj", "{D7555B26-5BE3-4033-8D1B-1F1A6815EC75}"
EndProject
Project("{9A19103F-16F7-4668-BE54-9A1E7A4F7556}") = "10 Time zone", "10 Time zone\10 Time zone.csproj", "{E7475047-9F17-45E0-BA30-255A28D7461D}"
EndProject
Project("{FAE04EC0-301F-11D3-BF4B-00C04F79EFBC}") = "11 Numeral Converter", "11 Numeral Converter\11 Numeral Converter.csproj", "{D83B99C8-6F5B-4300-99D0-233880700685}"
EndProject
Project("{FAE04EC0-301F-11D3-BF4B-00C04F79EFBC}") = "12 Mass calculation", "12 Mass calculation\12 Mass calculation.csproj", "{E86E001A-EF9A-4634-8ACE-719DD0DDC870}"
EndProject
Global
	GlobalSection(SolutionConfigurationPlatforms) = preSolution
		Debug|Any CPU = Debug|Any CPU
		Release|Any CPU = Release|Any CPU
	EndGlobalSection
	GlobalSection(ProjectConfigurationPlatforms) = postSolution
		{2AE7C175-D5C9-4DDB-A545-1A44B243C621}.Debug|Any CPU.ActiveCfg = Debug|Any CPU
		{2AE7C175-D5C9-4DDB-A545-1A44B243C621}.Debug|Any CPU.Build.0 = Debug|Any CPU
		{2AE7C175-D5C9-4DDB-A545-1A44B243C621}.Release|Any CPU.ActiveCfg = Release|Any CPU
		{2AE7C175-D5C9-4DDB-A545-1A44B243C621}.Release|Any CPU.Build.0 = Release|Any CPU
		{FF8E84A1-34D1-41F9-A53D-48F7DB207300}.Debug|Any CPU.ActiveCfg = Debug|Any CPU
		{FF8E84A1-34D1-41F9-A53D-48F7DB207300}.Debug|Any CPU.Build.0 = Debug|Any CPU
		{FF8E84A1-34D1-41F9-A53D-48F7DB207300}.Release|Any CPU.ActiveCfg = Release|Any CPU
		{FF8E84A1-34D1-41F9-A53D-48F7DB207300}.Release|Any CPU.Build.0 = Release|Any CPU
		{7C3EFBDC-23F6-4617-B4D3-0DAF5EF45423}.Debug|Any CPU.ActiveCfg = Debug|Any CPU
		{7C3EFBDC-23F6-4617-B4D3-0DAF5EF45423}.Debug|Any CPU.Build.0 = Debug|Any CPU
		{7C3EFBDC-23F6-4617-B4D3-0DAF5EF45423}.Release|Any CPU.ActiveCfg = Release|Any CPU
		{7C3EFBDC-23F6-4617-B4D3-0DAF5EF45423}.Release|Any CPU.Build.0 = Release|Any CPU
		{65209485-20A7-4DD1-B5CA-A7434A7695C2}.Debug|Any CPU.ActiveCfg = Debug|Any CPU
		{65209485-20A7-4DD1-B5CA-A7434A7695C2}.Debug|Any CPU.Build.0 = Debug|Any CPU
		{65209485-20A7-4DD1-B5CA-A7434A7695C2}.Release|Any CPU.ActiveCfg = Release|Any CPU
		{65209485-20A7-4DD1-B5CA-A7434A7695C2}.Release|Any CPU.Build.0 = Release|Any CPU
		{D2A68EF2-3145-4ABC-8DC3-71F3C32CE6D4}.Debug|Any CPU.ActiveCfg = Debug|Any CPU
		{D2A68EF2-3145-4ABC-8DC3-71F3C32CE6D4}.Debug|Any CPU.Build.0 = Debug|Any CPU
		{D2A68EF2-3145-4ABC-8DC3-71F3C32CE6D4}.Release|Any CPU.ActiveCfg = Release|Any CPU
		{D2A68EF2-3145-4ABC-8DC3-71F3C32CE6D4}.Release|Any CPU.Build.0 = Release|Any CPU
		{3FD1FB61-5800-4B83-9276-714B6842C727}.Debug|Any CPU.ActiveCfg = Debug|Any CPU
		{3FD1FB61-5800-4B83-9276-714B6842C727}.Debug|Any CPU.Build.0 = Debug|Any CPU
		{3FD1FB61-5800-4B83-9276-714B6842C727}.Release|Any CPU.ActiveCfg = Release|Any CPU
		{3FD1FB61-5800-4B83-9276-714B6842C727}.Release|Any CPU.Build.0 = Release|Any CPU
		{3C84E622-D5EF-45AC-907D-F72B0958EE37}.Debug|Any CPU.ActiveCfg = Debug|Any CPU
		{3C84E622-D5EF-45AC-907D-F72B0958EE37}.Debug|Any CPU.Build.0 = Debug|Any CPU
		{3C84E622-D5EF-45AC-907D-F72B0958EE37}.Release|Any CPU.ActiveCfg = Release|Any CPU
		{3C84E622-D5EF-45AC-907D-F72B0958EE37}.Release|Any CPU.Build.0 = Release|Any CPU
		{D7555B26-5BE3-4033-8D1B-1F1A6815EC75}.Debug|Any CPU.ActiveCfg = Debug|Any CPU
		{D7555B26-5BE3-4033-8D1B-1F1A6815EC75}.Debug|Any CPU.Build.0 = Debug|Any CPU
		{D7555B26-5BE3-4033-8D1B-1F1A6815EC75}.Release|Any CPU.ActiveCfg = Release|Any CPU
		{D7555B26-5BE3-4033-8D1B-1F1A6815EC75}.Release|Any CPU.Build.0 = Release|Any CPU
		{E7475047-9F17-45E0-BA30-255A28D7461D}.Debug|Any CPU.ActiveCfg = Debug|Any CPU
		{E7475047-9F17-45E0-BA30-255A28D7461D}.Debug|Any CPU.Build.0 = Debug|Any CPU
		{E7475047-9F17-45E0-BA30-255A28D7461D}.Release|Any CPU.ActiveCfg = Release|Any CPU
		{E7475047-9F17-45E0-BA30-255A28D7461D}.Release|Any CPU.Build.0 = Release|Any CPU
		{D83B99C8-6F5B-4300-99D0-233880700685}.Debug|Any CPU.ActiveCfg = Debug|Any CPU
		{D83B99C8-6F5B-4300-99D0-233880700685}.Debug|Any CPU.Build.0 = Debug|Any CPU
		{D83B99C8-6F5B-4300-99D0-233880700685}.Release|Any CPU.ActiveCfg = Release|Any CPU
		{D83B99C8-6F5B-4300-99D0-233880700685}.Release|Any CPU.Build.0 = Release|Any CPU
		{E86E001A-EF9A-4634-8ACE-719DD0DDC870}.Debug|Any CPU.ActiveCfg = Debug|Any CPU
		{E86E001A-EF9A-4634-8ACE-719DD0DDC870}.Debug|Any CPU.Build.0 = Debug|Any CPU
		{E86E001A-EF9A-4634-8ACE-719DD0DDC870}.Release|Any CPU.ActiveCfg = Release|Any CPU
		{E86E001A-EF9A-4634-8ACE-719DD0DDC870}.Release|Any CPU.Build.0 = Release|Any CPU
	EndGlobalSection
	GlobalSection(SolutionProperties) = preSolution
		HideSolutionNode = FALSE
	EndGlobalSection
	GlobalSection(ExtensibilityGlobals) = postSolution
		SolutionGuid = {409E32B1-9E17-4DE4-AF2B-A65EF4CCEBAB}
	EndGlobalSection
EndGlobal
